{
  "nodes": {
    "home-manager": {
      "inputs": {
        "nixpkgs": [
          "nixpkgs"
        ]
      },
      "locked": {
        "lastModified": 1710499337,
        "narHash": "sha256-FsPpFFw59MFU+E1PD6t9K9it17DaV5nU/+mWEkfS2YE=",
        "owner": "nix-community",
        "repo": "home-manager",
        "rev": "ca922258e1682b435e632a5ca1910bbbed835345",
        "type": "github"
      },
      "original": {
        "owner": "nix-community",
        "repo": "home-manager",
        "type": "github"
      }
    },
    "nixpkgs": {
      "locked": {
        "lastModified": 1710272261,
        "narHash": "sha256-g0bDwXFmTE7uGDOs9HcJsfLFhH7fOsASbAuOzDC+fhQ=",
        "owner": "nixos",
        "repo": "nixpkgs",
        "rev": "0ad13a6833440b8e238947e47bea7f11071dc2b2",
        "type": "github"
      },
      "original": {
        "owner": "nixos",
        "ref": "nixos-unstable",
        "repo": "nixpkgs",
        "type": "github"
      }
    },
    "root": {
      "inputs": {
        "home-manager": "home-manager",
        "nixpkgs": "nixpkgs",
        "scrumplex": "scrumplex"
      }
    },
    "scrumplex": {
      "locked": {
        "lastModified": 1710324506,
        "narHash": "sha256-cnGRRVqBbej7akB5rCc5eESCXw4Jw3xjros6QkqxGCw=",
        "owner": "Scrumplex",
        "repo": "nixpkgs",
        "rev": "7caba8771113a0987c9102fddfbe9ff1b41c048c",
        "type": "github"
      },
      "original": {
        "owner": "Scrumplex",
        "ref": "pkgs/v4l2loopback/fix-kernel-6.8",
        "repo": "nixpkgs",
        "type": "github"
      }
    }
  },
  "root": "root",
  "version": 7
}
